// !$*UTF8*$!
{
	archiveVersion = 1;
	classes = {
	};
	objectVersion = 46;
	objects = {

/* Begin PBXBuildFile section */
		05A5D56019C8709D00C6C5E0 /* AppDelegate.swift in Sources */ = {isa = PBXBuildFile; fileRef = 05A5D55F19C8709D00C6C5E0 /* AppDelegate.swift */; };
		05A5D56219C8709E00C6C5E0 /* ViewController.swift in Sources */ = {isa = PBXBuildFile; fileRef = 05A5D56119C8709D00C6C5E0 /* ViewController.swift */; };
		05A5D56519C8709E00C6C5E0 /* Main.storyboard in Resources */ = {isa = PBXBuildFile; fileRef = 05A5D56319C8709E00C6C5E0 /* Main.storyboard */; };
		05A5D56719C8709E00C6C5E0 /* Images.xcassets in Resources */ = {isa = PBXBuildFile; fileRef = 05A5D56619C8709E00C6C5E0 /* Images.xcassets */; };
		05A5D56A19C8709E00C6C5E0 /* LaunchScreen.xib in Resources */ = {isa = PBXBuildFile; fileRef = 05A5D56819C8709E00C6C5E0 /* LaunchScreen.xib */; };
		05A5D57619C8709E00C6C5E0 /* LemonadeStandGameTests.swift in Sources */ = {isa = PBXBuildFile; fileRef = 05A5D57519C8709E00C6C5E0 /* LemonadeStandGameTests.swift */; };
		05A5D58719C8712500C6C5E0 /* cold.png in Resources */ = {isa = PBXBuildFile; fileRef = 05A5D58019C8712500C6C5E0 /* cold.png */; };
		05A5D58819C8712500C6C5E0 /* Cold@2x (1).png in Resources */ = {isa = PBXBuildFile; fileRef = 05A5D58119C8712500C6C5E0 /* Cold@2x (1).png */; };
		05A5D58A19C8712500C6C5E0 /* mild.png in Resources */ = {isa = PBXBuildFile; fileRef = 05A5D58319C8712500C6C5E0 /* mild.png */; };
		05A5D58B19C8712500C6C5E0 /* Mild@2x (1).png in Resources */ = {isa = PBXBuildFile; fileRef = 05A5D58419C8712500C6C5E0 /* Mild@2x (1).png */; };
		05A5D58C19C8712500C6C5E0 /* warm.png in Resources */ = {isa = PBXBuildFile; fileRef = 05A5D58519C8712500C6C5E0 /* warm.png */; };
		05A5D58D19C8712500C6C5E0 /* Warm@2x (1).png in Resources */ = {isa = PBXBuildFile; fileRef = 05A5D58619C8712500C6C5E0 /* Warm@2x (1).png */; };
/* End PBXBuildFile section */

/* Begin PBXContainerItemProxy section */
		05A5D57019C8709E00C6C5E0 /* PBXContainerItemProxy */ = {
			isa = PBXContainerItemProxy;
			containerPortal = 05A5D55219C8709C00C6C5E0 /* Project object */;
			proxyType = 1;
			remoteGlobalIDString = 05A5D55919C8709D00C6C5E0;
			remoteInfo = LemonadeStandGame;
		};
/* End PBXContainerItemProxy section */

/* Begin PBXFileReference section */
		05A5D55A19C8709D00C6C5E0 /* LemonadeStandGame.app */ = {isa = PBXFileReference; explicitFileType = wrapper.application; includeInIndex = 0; path = LemonadeStandGame.app; sourceTree = BUILT_PRODUCTS_DIR; };
		05A5D55E19C8709D00C6C5E0 /* Info.plist */ = {isa = PBXFileReference; lastKnownFileType = text.plist.xml; path = Info.plist; sourceTree = "<group>"; };
		05A5D55F19C8709D00C6C5E0 /* AppDelegate.swift */ = {isa = PBXFileReference; lastKnownFileType = sourcecode.swift; path = AppDelegate.swift; sourceTree = "<group>"; };
		05A5D56119C8709D00C6C5E0 /* ViewController.swift */ = {isa = PBXFileReference; lastKnownFileType = sourcecode.swift; path = ViewController.swift; sourceTree = "<group>"; };
		05A5D56419C8709E00C6C5E0 /* Base */ = {isa = PBXFileReference; lastKnownFileType = file.storyboard; name = Base; path = Base.lproj/Main.storyboard; sourceTree = "<group>"; };
		05A5D56619C8709E00C6C5E0 /* Images.xcassets */ = {isa = PBXFileReference; lastKnownFileType = folder.assetcatalog; path = Images.xcassets; sourceTree = "<group>"; };
		05A5D56919C8709E00C6C5E0 /* Base */ = {isa = PBXFileReference; lastKnownFileType = file.xib; name = Base; path = Base.lproj/LaunchScreen.xib; sourceTree = "<group>"; };
		05A5D56F19C8709E00C6C5E0 /* LemonadeStandGameTests.xctest */ = {isa = PBXFileReference; explicitFileType = wrapper.cfbundle; includeInIndex = 0; path = LemonadeStandGameTests.xctest; sourceTree = BUILT_PRODUCTS_DIR; };
		05A5D57419C8709E00C6C5E0 /* Info.plist */ = {isa = PBXFileReference; lastKnownFileType = text.plist.xml; path = Info.plist; sourceTree = "<group>"; };
		05A5D57519C8709E00C6C5E0 /* LemonadeStandGameTests.swift */ = {isa = PBXFileReference; lastKnownFileType = sourcecode.swift; path = LemonadeStandGameTests.swift; sourceTree = "<group>"; };
		05A5D58019C8712500C6C5E0 /* cold.png */ = {isa = PBXFileReference; lastKnownFileType = image.png; path = cold.png; sourceTree = "<group>"; };
		05A5D58119C8712500C6C5E0 /* Cold@2x (1).png */ = {isa = PBXFileReference; lastKnownFileType = image.png; path = "Cold@2x (1).png"; sourceTree = "<group>"; };
		05A5D58319C8712500C6C5E0 /* mild.png */ = {isa = PBXFileReference; lastKnownFileType = image.png; path = mild.png; sourceTree = "<group>"; };
		05A5D58419C8712500C6C5E0 /* Mild@2x (1).png */ = {isa = PBXFileReference; lastKnownFileType = image.png; path = "Mild@2x (1).png"; sourceTree = "<group>"; };
		05A5D58519C8712500C6C5E0 /* warm.png */ = {isa = PBXFileReference; lastKnownFileType = image.png; path = warm.png; sourceTree = "<group>"; };
		05A5D58619C8712500C6C5E0 /* Warm@2x (1).png */ = {isa = PBXFileReference; lastKnownFileType = image.png; path = "Warm@2x (1).png"; sourceTree = "<group>"; };
/* End PBXFileReference section */

/* Begin PBXFrameworksBuildPhase section */
		05A5D55719C8709D00C6C5E0 /* Frameworks */ = {
			isa = PBXFrameworksBuildPhase;
			buildActionMask = 2147483647;
			files = (
			);
			runOnlyForDeploymentPostprocessing = 0;
		};
		05A5D56C19C8709E00C6C5E0 /* Frameworks */ = {
			isa = PBXFrameworksBuildPhase;
			buildActionMask = 2147483647;
			files = (
			);
			runOnlyForDeploymentPostprocessing = 0;
		};
/* End PBXFrameworksBuildPhase section */

/* Begin PBXGroup section */
		05A5D55119C8709C00C6C5E0 = {
			isa = PBXGroup;
			children = (
				05A5D55C19C8709D00C6C5E0 /* LemonadeStandGame */,
				05A5D57219C8709E00C6C5E0 /* LemonadeStandGameTests */,
				05A5D55B19C8709D00C6C5E0 /* Products */,
			);
			sourceTree = "<group>";
		};
		05A5D55B19C8709D00C6C5E0 /* Products */ = {
			isa = PBXGroup;
			children = (
				05A5D55A19C8709D00C6C5E0 /* LemonadeStandGame.app */,
				05A5D56F19C8709E00C6C5E0 /* LemonadeStandGameTests.xctest */,
			);
			name = Products;
			sourceTree = "<group>";
		};
		05A5D55C19C8709D00C6C5E0 /* LemonadeStandGame */ = {
			isa = PBXGroup;
			children = (
				05A5D55F19C8709D00C6C5E0 /* AppDelegate.swift */,
				05A5D56119C8709D00C6C5E0 /* ViewController.swift */,
				05A5D56319C8709E00C6C5E0 /* Main.storyboard */,
				05A5D56619C8709E00C6C5E0 /* Images.xcassets */,
				05A5D56819C8709E00C6C5E0 /* LaunchScreen.xib */,
				05A5D55D19C8709D00C6C5E0 /* Supporting Files */,
			);
			path = LemonadeStandGame;
			sourceTree = "<group>";
		};
		05A5D55D19C8709D00C6C5E0 /* Supporting Files */ = {
			isa = PBXGroup;
			children = (
				05A5D57F19C8712500C6C5E0 /* LemonadeStand */,
				05A5D55E19C8709D00C6C5E0 /* Info.plist */,
			);
			name = "Supporting Files";
			sourceTree = "<group>";
		};
		05A5D57219C8709E00C6C5E0 /* LemonadeStandGameTests */ = {
			isa = PBXGroup;
			children = (
				05A5D57519C8709E00C6C5E0 /* LemonadeStandGameTests.swift */,
				05A5D57319C8709E00C6C5E0 /* Supporting Files */,
			);
			path = LemonadeStandGameTests;
			sourceTree = "<group>";
		};
		05A5D57319C8709E00C6C5E0 /* Supporting Files */ = {
			isa = PBXGroup;
			children = (
				05A5D57419C8709E00C6C5E0 /* Info.plist */,
			);
			name = "Supporting Files";
			sourceTree = "<group>";
		};
		05A5D57F19C8712500C6C5E0 /* LemonadeStand */ = {
			isa = PBXGroup;
			children = (
				05A5D58019C8712500C6C5E0 /* cold.png */,
				05A5D58119C8712500C6C5E0 /* Cold@2x (1).png */,
				05A5D58319C8712500C6C5E0 /* mild.png */,
				05A5D58419C8712500C6C5E0 /* Mild@2x (1).png */,
				05A5D58519C8712500C6C5E0 /* warm.png */,
				05A5D58619C8712500C6C5E0 /* Warm@2x (1).png */,
			);
			path = LemonadeStand;
			sourceTree = "<group>";
		};
/* End PBXGroup section */

/* Begin PBXNativeTarget section */
		05A5D55919C8709D00C6C5E0 /* LemonadeStandGame */ = {
			isa = PBXNativeTarget;
			buildConfigurationList = 05A5D57919C8709E00C6C5E0 /* Build configuration list for PBXNativeTarget "LemonadeStandGame" */;
			buildPhases = (
				05A5D55619C8709D00C6C5E0 /* Sources */,
				05A5D55719C8709D00C6C5E0 /* Frameworks */,
				05A5D55819C8709D00C6C5E0 /* Resources */,
			);
			buildRules = (
			);
			dependencies = (
			);
			name = LemonadeStandGame;
			productName = LemonadeStandGame;
			productReference = 05A5D55A19C8709D00C6C5E0 /* LemonadeStandGame.app */;
			productType = "com.apple.product-type.application";
		};
		05A5D56E19C8709E00C6C5E0 /* LemonadeStandGameTests */ = {
			isa = PBXNativeTarget;
			buildConfigurationList = 05A5D57C19C8709E00C6C5E0 /* Build configuration list for PBXNativeTarget "LemonadeStandGameTests" */;
			buildPhases = (
				05A5D56B19C8709E00C6C5E0 /* Sources */,
				05A5D56C19C8709E00C6C5E0 /* Frameworks */,
				05A5D56D19C8709E00C6C5E0 /* Resources */,
			);
			buildRules = (
			);
			dependencies = (
				05A5D57119C8709E00C6C5E0 /* PBXTargetDependency */,
			);
			name = LemonadeStandGameTests;
			productName = LemonadeStandGameTests;
			productReference = 05A5D56F19C8709E00C6C5E0 /* LemonadeStandGameTests.xctest */;
			productType = "com.apple.product-type.bundle.unit-test";
		};
/* End PBXNativeTarget section */

/* Begin PBXProject section */
		05A5D55219C8709C00C6C5E0 /* Project object */ = {
			isa = PBXProject;
			attributes = {
				LastUpgradeCheck = 0600;
				ORGANIZATIONNAME = thomas;
				TargetAttributes = {
					05A5D55919C8709D00C6C5E0 = {
						CreatedOnToolsVersion = 6.0;
					};
					05A5D56E19C8709E00C6C5E0 = {
						CreatedOnToolsVersion = 6.0;
						TestTargetID = 05A5D55919C8709D00C6C5E0;
					};
				};
			};
			buildConfigurationList = 05A5D55519C8709C00C6C5E0 /* Build configuration list for PBXProject "LemonadeStandGame" */;
			compatibilityVersion = "Xcode 3.2";
			developmentRegion = English;
			hasScannedForEncodings = 0;
			knownRegions = (
				en,
				Base,
			);
			mainGroup = 05A5D55119C8709C00C6C5E0;
			productRefGroup = 05A5D55B19C8709D00C6C5E0 /* Products */;
			projectDirPath = "";
			projectRoot = "";
			targets = (
				05A5D55919C8709D00C6C5E0 /* LemonadeStandGame */,
				05A5D56E19C8709E00C6C5E0 /* LemonadeStandGameTests */,
			);
		};
/* End PBXProject section */

/* Begin PBXResourcesBuildPhase section */
		05A5D55819C8709D00C6C5E0 /* Resources */ = {
			isa = PBXResourcesBuildPhase;
			buildActionMask = 2147483647;
			files = (
				05A5D58D19C8712500C6C5E0 /* Warm@2x (1).png in Resources */,
				05A5D56519C8709E00C6C5E0 /* Main.storyboard in Resources */,
				05A5D58C19C8712500C6C5E0 /* warm.png in Resources */,
				05A5D58A19C8712500C6C5E0 /* mild.png in Resources */,
				05A5D58819C8712500C6C5E0 /* Cold@2x (1).png in Resources */,
				05A5D58B19C8712500C6C5E0 /* Mild@2x (1).png in Resources */,
				05A5D58719C8712500C6C5E0 /* cold.png in Resources */,
				05A5D56A19C8709E00C6C5E0 /* LaunchScreen.xib in Resources */,
				05A5D56719C8709E00C6C5E0 /* Images.xcassets in Resources */,
			);
			runOnlyForDeploymentPostprocessing = 0;
		};
		05A5D56D19C8709E00C6C5E0 /* Resources */ = {
			isa = PBXResourcesBuildPhase;
			buildActionMask = 2147483647;
			files = (
			);
			runOnlyForDeploymentPostprocessing = 0;
		};
/* End PBXResourcesBuildPhase section */

/* Begin PBXSourcesBuildPhase section */
		05A5D55619C8709D00C6C5E0 /* Sources */ = {
			isa = PBXSourcesBuildPhase;
			buildActionMask = 2147483647;
			files = (
				05A5D56219C8709E00C6C5E0 /* ViewController.swift in Sources */,
				05A5D56019C8709D00C6C5E0 /* AppDelegate.swift in Sources */,
			);
			runOnlyForDeploymentPostprocessing = 0;
		};
		05A5D56B19C8709E00C6C5E0 /* Sources */ = {
			isa = PBXSourcesBuildPhase;
			buildActionMask = 2147483647;
			files = (
				05A5D57619C8709E00C6C5E0 /* LemonadeStandGameTests.swift in Sources */,
			);
			runOnlyForDeploymentPostprocessing = 0;
		};
/* End PBXSourcesBuildPhase section */

/* Begin PBXTargetDependency section */
		05A5D57119C8709E00C6C5E0 /* PBXTargetDependency */ = {
			isa = PBXTargetDependency;
			target = 05A5D55919C8709D00C6C5E0 /* LemonadeStandGame */;
			targetProxy = 05A5D57019C8709E00C6C5E0 /* PBXContainerItemProxy */;
		};
/* End PBXTargetDependency section */

/* Begin PBXVariantGroup section */
		05A5D56319C8709E00C6C5E0 /* Main.storyboard */ = {
			isa = PBXVariantGroup;
			children = (
				05A5D56419C8709E00C6C5E0 /* Base */,
			);
			name = Main.storyboard;
			sourceTree = "<group>";
		};
		05A5D56819C8709E00C6C5E0 /* LaunchScreen.xib */ = {
			isa = PBXVariantGroup;
			children = (
				05A5D56919C8709E00C6C5E0 /* Base */,
			);
			name = LaunchScreen.xib;
			sourceTree = "<group>";
		};
/* End PBXVariantGroup section */

/* Begin XCBuildConfiguration section */
		05A5D57719C8709E00C6C5E0 /* Debug */ = {
			isa = XCBuildConfiguration;
			buildSettings = {
				ALWAYS_SEARCH_USER_PATHS = NO;
				CLANG_CXX_LANGUAGE_STANDARD = "gnu++0x";
				CLANG_CXX_LIBRARY = "libc++";
				CLANG_ENABLE_MODULES = YES;
				CLANG_ENABLE_OBJC_ARC = YES;
				CLANG_WARN_BOOL_CONVERSION = YES;
				CLANG_WARN_CONSTANT_CONVERSION = YES;
				CLANG_WARN_DIRECT_OBJC_ISA_USAGE = YES_ERROR;
				CLANG_WARN_EMPTY_BODY = YES;
				CLANG_WARN_ENUM_CONVERSION = YES;
				CLANG_WARN_INT_CONVERSION = YES;
				CLANG_WARN_OBJC_ROOT_CLASS = YES_ERROR;
				CLANG_WARN_UNREACHABLE_CODE = YES;
				CLANG_WARN__DUPLICATE_METHOD_MATCH = YES;
				"CODE_SIGN_IDENTITY[sdk=iphoneos*]" = "iPhone Developer";
				COPY_PHASE_STRIP = NO;
				ENABLE_STRICT_OBJC_MSGSEND = YES;
				GCC_C_LANGUAGE_STANDARD = gnu99;
				GCC_DYNAMIC_NO_PIC = NO;
				GCC_OPTIMIZATION_LEVEL = 0;
				GCC_PREPROCESSOR_DEFINITIONS = (
					"DEBUG=1",
					"$(inherited)",
				);
				GCC_SYMBOLS_PRIVATE_EXTERN = NO;
				GCC_WARN_64_TO_32_BIT_CONVERSION = YES;
				GCC_WARN_ABOUT_RETURN_TYPE = YES_ERROR;
				GCC_WARN_UNDECLARED_SELECTOR = YES;
				GCC_WARN_UNINITIALIZED_AUTOS = YES_AGGRESSIVE;
				GCC_WARN_UNUSED_FUNCTION = YES;
				GCC_WARN_UNUSED_VARIABLE = YES;
				IPHONEOS_DEPLOYMENT_TARGET = 8.0;
				MTL_ENABLE_DEBUG_INFO = YES;
				ONLY_ACTIVE_ARCH = YES;
				SDKROOT = iphoneos;
				SWIFT_OPTIMIZATION_LEVEL = "-Onone";
			};
			name = Debug;
		};
		05A5D57819C8709E00C6C5E0 /* Release */ = {
			isa = XCBuildConfiguration;
			buildSettings = {
				ALWAYS_SEARCH_USER_PATHS = NO;
				CLANG_CXX_LANGUAGE_STANDARD = "gnu++0x";
				CLANG_CXX_LIBRARY = "libc++";
				CLANG_ENABLE_MODULES = YES;
				CLANG_ENABLE_OBJC_ARC = YES;
				CLANG_WARN_BOOL_CONVERSION = YES;
				CLANG_WARN_CONSTANT_CONVERSION = YES;
				CLANG_WARN_DIRECT_OBJC_ISA_USAGE = YES_ERROR;
				CLANG_WARN_EMPTY_BODY = YES;
				CLANG_WARN_ENUM_CONVERSION = YES;
				CLANG_WARN_INT_CONVERSION = YES;
				CLANG_WARN_OBJC_ROOT_CLASS = YES_ERROR;
				CLANG_WARN_UNREACHABLE_CODE = YES;
				CLANG_WARN__DUPLICATE_METHOD_MATCH = YES;
				"CODE_SIGN_IDENTITY[sdk=iphoneos*]" = "iPhone Developer";
				COPY_PHASE_STRIP = YES;
				ENABLE_NS_ASSERTIONS = NO;
				ENABLE_STRICT_OBJC_MSGSEND = YES;
				GCC_C_LANGUAGE_STANDARD = gnu99;
				GCC_WARN_64_TO_32_BIT_CONVERSION = YES;
				GCC_WARN_ABOUT_RETURN_TYPE = YES_ERROR;
				GCC_WARN_UNDECLARED_SELECTOR = YES;
				GCC_WARN_UNINITIALIZED_AUTOS = YES_AGGRESSIVE;
				GCC_WARN_UNUSED_FUNCTION = YES;
				GCC_WARN_UNUSED_VARIABLE = YES;
				IPHONEOS_DEPLOYMENT_TARGET = 8.0;
				MTL_ENABLE_DEBUG_INFO = NO;
				SDKROOT = iphoneos;
				VALIDATE_PRODUCT = YES;
			};
			name = Release;
		};
		05A5D57A19C8709E00C6C5E0 /* Debug */ = {
			isa = XCBuildConfiguration;
			buildSettings = {
				ASSETCATALOG_COMPILER_APPICON_NAME = AppIcon;
				INFOPLIST_FILE = LemonadeStandGame/Info.plist;
				LD_RUNPATH_SEARCH_PATHS = "$(inherited) @executable_path/Frameworks";
				PRODUCT_NAME = "$(TARGET_NAME)";
			};
			name = Debug;
		};
		05A5D57B19C8709E00C6C5E0 /* Release */ = {
			isa = XCBuildConfiguration;
			buildSettings = {
				ASSETCATALOG_COMPILER_APPICON_NAME = AppIcon;
				INFOPLIST_FILE = LemonadeStandGame/Info.plist;
				LD_RUNPATH_SEARCH_PATHS = "$(inherited) @executable_path/Frameworks";
				PRODUCT_NAME = "$(TARGET_NAME)";
			};
			name = Release;
		};
		05A5D57D19C8709E00C6C5E0 /* Debug */ = {
			isa = XCBuildConfiguration;
			buildSettings = {
				BUNDLE_LOADER = "$(TEST_HOST)";
				FRAMEWORK_SEARCH_PATHS = (
					"$(SDKROOT)/Developer/Library/Frameworks",
					"$(inherited)",
				);
				GCC_PREPROCESSOR_DEFINITIONS = (
					"DEBUG=1",
					"$(inherited)",
				);
				INFOPLIST_FILE = LemonadeStandGameTests/Info.plist;
				LD_RUNPATH_SEARCH_PATHS = "$(inherited) @executable_path/Frameworks @loader_path/Frameworks";
				PRODUCT_NAME = "$(TARGET_NAME)";
				TEST_HOST = "$(BUILT_PRODUCTS_DIR)/LemonadeStandGame.app/LemonadeStandGame";
			};
			name = Debug;
		};
		05A5D57E19C8709E00C6C5E0 /* Release */ = {
			isa = XCBuildConfiguration;
			buildSettings = {
				BUNDLE_LOADER = "$(TEST_HOST)";
				FRAMEWORK_SEARCH_PATHS = (
					"$(SDKROOT)/Developer/Library/Frameworks",
					"$(inherited)",
				);
				INFOPLIST_FILE = LemonadeStandGameTests/Info.plist;
				LD_RUNPATH_SEARCH_PATHS = "$(inherited) @executable_path/Frameworks @loader_path/Frameworks";
				PRODUCT_NAME = "$(TARGET_NAME)";
				TEST_HOST = "$(BUILT_PRODUCTS_DIR)/LemonadeStandGame.app/LemonadeStandGame";
			};
			name = Release;
		};
/* End XCBuildConfiguration section */

/* Begin XCConfigurationList section */
		05A5D55519C8709C00C6C5E0 /* Build configuration list for PBXProject "LemonadeStandGame" */ = {
			isa = XCConfigurationList;
			buildConfigurations = (
				05A5D57719C8709E00C6C5E0 /* Debug */,
				05A5D57819C8709E00C6C5E0 /* Release */,
			);
			defaultConfigurationIsVisible = 0;
			defaultConfigurationName = Release;
		};
		05A5D57919C8709E00C6C5E0 /* Build configuration list for PBXNativeTarget "LemonadeStandGame" */ = {
			isa = XCConfigurationList;
			buildConfigurations = (
				05A5D57A19C8709E00C6C5E0 /* Debug */,
				05A5D57B19C8709E00C6C5E0 /* Release */,
			);
			defaultConfigurationIsVisible = 0;
			defaultConfigurationName = Release;
		};
		05A5D57C19C8709E00C6C5E0 /* Build configuration list for PBXNativeTarget "LemonadeStandGameTests" */ = {
			isa = XCConfigurationList;
			buildConfigurations = (
				05A5D57D19C8709E00C6C5E0 /* Debug */,
				05A5D57E19C8709E00C6C5E0 /* Release */,
			);
			defaultConfigurationIsVisible = 0;
			defaultConfigurationName = Release;
		};
/* End XCConfigurationList section */
	};
	rootObject = 05A5D55219C8709C00C6C5E0 /* Project object */;
}
